<?xml version="1.0" encoding="UTF-8"?>
<CodeBlocks_project_file>
	<FileVersion major="1" minor="6"/>
	<Project>
		<Option title="ocr"/>
		<Option makefile_is_custom="1"/>
		<Option compiler="gcc"/>
		<Option virtualFolders="CMake Files\;CMake Files\..\;CMake Files\..\..\;CMake Files\..\..\..\;CMake Files\..\..\..\..\;CMake Files\..\..\..\..\usr\;CMake Files\..\..\..\..\usr\local\;CMake Files\..\..\..\..\usr\local\lib\;CMake Files\..\..\..\..\usr\local\lib\cmake\;CMake Files\..\..\..\..\usr\local\lib\cmake\opencv4\;"/>
		<Build>
			<Target title="all">
				<Option working_dir="/Users/lcy/code/id-ocr"/>
				<Option type="4"/>
				<MakeCommands>
					<Build command="/usr/bin/make -j4 -f &quot;/Users/lcy/code/id-ocr/Makefile&quot;  VERBOSE=1 all"/>
					<CompileFile command="/usr/bin/make -j4 -f &quot;/Users/lcy/code/id-ocr/Makefile&quot;  VERBOSE=1 &quot;$file&quot;"/>
					<Clean command="/usr/bin/make -j4 -f &quot;/Users/lcy/code/id-ocr/Makefile&quot;  VERBOSE=1 clean"/>
					<DistClean command="/usr/bin/make -j4 -f &quot;/Users/lcy/code/id-ocr/Makefile&quot;  VERBOSE=1 clean"/>
				</MakeCommands>
			</Target>
			<Target title="rebuild_cache">
				<Option working_dir="/Users/lcy/code/id-ocr"/>
				<Option type="4"/>
				<MakeCommands>
					<Build command="/usr/bin/make -j4 -f &quot;/Users/lcy/code/id-ocr/Makefile&quot;  VERBOSE=1 rebuild_cache"/>
					<CompileFile command="/usr/bin/make -j4 -f &quot;/Users/lcy/code/id-ocr/Makefile&quot;  VERBOSE=1 &quot;$file&quot;"/>
					<Clean command="/usr/bin/make -j4 -f &quot;/Users/lcy/code/id-ocr/Makefile&quot;  VERBOSE=1 clean"/>
					<DistClean command="/usr/bin/make -j4 -f &quot;/Users/lcy/code/id-ocr/Makefile&quot;  VERBOSE=1 clean"/>
				</MakeCommands>
			</Target>
			<Target title="edit_cache">
				<Option working_dir="/Users/lcy/code/id-ocr"/>
				<Option type="4"/>
				<MakeCommands>
					<Build command="/usr/bin/make -j4 -f &quot;/Users/lcy/code/id-ocr/Makefile&quot;  VERBOSE=1 edit_cache"/>
					<CompileFile command="/usr/bin/make -j4 -f &quot;/Users/lcy/code/id-ocr/Makefile&quot;  VERBOSE=1 &quot;$file&quot;"/>
					<Clean command="/usr/bin/make -j4 -f &quot;/Users/lcy/code/id-ocr/Makefile&quot;  VERBOSE=1 clean"/>
					<DistClean command="/usr/bin/make -j4 -f &quot;/Users/lcy/code/id-ocr/Makefile&quot;  VERBOSE=1 clean"/>
				</MakeCommands>
			</Target>
			<Target title="ocr">
				<Option output="/Users/lcy/code/id-ocr/ocr" prefix_auto="0" extension_auto="0"/>
				<Option working_dir="/Users/lcy/code/id-ocr"/>
				<Option object_output="./"/>
				<Option type="1"/>
				<Option compiler="gcc"/>
				<Compiler>
					<Add directory="/usr/local/include"/>
					<Add directory="/usr/local/include/opencv4/opencv2"/>
					<Add directory="/usr/local/include/opencv4"/>
					<Add directory="/usr/local/Cellar/gcc/9.1.0/lib/gcc/9/gcc/x86_64-apple-darwin18/9.1.0/../../../../../../include/c++/9.1.0"/>
					<Add directory="/usr/local/Cellar/gcc/9.1.0/lib/gcc/9/gcc/x86_64-apple-darwin18/9.1.0/../../../../../../include/c++/9.1.0/x86_64-apple-darwin18"/>
					<Add directory="/usr/local/Cellar/gcc/9.1.0/lib/gcc/9/gcc/x86_64-apple-darwin18/9.1.0/../../../../../../include/c++/9.1.0/backward"/>
					<Add directory="/usr/local/Cellar/gcc/9.1.0/lib/gcc/9/gcc/x86_64-apple-darwin18/9.1.0/include"/>
					<Add directory="/usr/local/Cellar/gcc/9.1.0/lib/gcc/9/gcc/x86_64-apple-darwin18/9.1.0/include-fixed"/>
					<Add directory="/Library/Developer/CommandLineTools/SDKs/MacOSX.sdk/usr/include"/>
					<Add directory="/Library/Developer/CommandLineTools/SDKs/MacOSX.sdk/System/Library/Frameworks"/>
				</Compiler>
				<MakeCommands>
					<Build command="/usr/bin/make -j4 -f &quot;/Users/lcy/code/id-ocr/Makefile&quot;  VERBOSE=1 ocr"/>
					<CompileFile command="/usr/bin/make -j4 -f &quot;/Users/lcy/code/id-ocr/Makefile&quot;  VERBOSE=1 &quot;$file&quot;"/>
					<Clean command="/usr/bin/make -j4 -f &quot;/Users/lcy/code/id-ocr/Makefile&quot;  VERBOSE=1 clean"/>
					<DistClean command="/usr/bin/make -j4 -f &quot;/Users/lcy/code/id-ocr/Makefile&quot;  VERBOSE=1 clean"/>
				</MakeCommands>
			</Target>
			<Target title="ocr/fast">
				<Option output="/Users/lcy/code/id-ocr/ocr" prefix_auto="0" extension_auto="0"/>
				<Option working_dir="/Users/lcy/code/id-ocr"/>
				<Option object_output="./"/>
				<Option type="1"/>
				<Option compiler="gcc"/>
				<Compiler>
					<Add directory="/usr/local/include"/>
					<Add directory="/usr/local/include/opencv4/opencv2"/>
					<Add directory="/usr/local/include/opencv4"/>
					<Add directory="/usr/local/Cellar/gcc/9.1.0/lib/gcc/9/gcc/x86_64-apple-darwin18/9.1.0/../../../../../../include/c++/9.1.0"/>
					<Add directory="/usr/local/Cellar/gcc/9.1.0/lib/gcc/9/gcc/x86_64-apple-darwin18/9.1.0/../../../../../../include/c++/9.1.0/x86_64-apple-darwin18"/>
					<Add directory="/usr/local/Cellar/gcc/9.1.0/lib/gcc/9/gcc/x86_64-apple-darwin18/9.1.0/../../../../../../include/c++/9.1.0/backward"/>
					<Add directory="/usr/local/Cellar/gcc/9.1.0/lib/gcc/9/gcc/x86_64-apple-darwin18/9.1.0/include"/>
					<Add directory="/usr/local/Cellar/gcc/9.1.0/lib/gcc/9/gcc/x86_64-apple-darwin18/9.1.0/include-fixed"/>
					<Add directory="/Library/Developer/CommandLineTools/SDKs/MacOSX.sdk/usr/include"/>
					<Add directory="/Library/Developer/CommandLineTools/SDKs/MacOSX.sdk/System/Library/Frameworks"/>
				</Compiler>
				<MakeCommands>
					<Build command="/usr/bin/make -j4 -f &quot;/Users/lcy/code/id-ocr/Makefile&quot;  VERBOSE=1 ocr/fast"/>
					<CompileFile command="/usr/bin/make -j4 -f &quot;/Users/lcy/code/id-ocr/Makefile&quot;  VERBOSE=1 &quot;$file&quot;"/>
					<Clean command="/usr/bin/make -j4 -f &quot;/Users/lcy/code/id-ocr/Makefile&quot;  VERBOSE=1 clean"/>
					<DistClean command="/usr/bin/make -j4 -f &quot;/Users/lcy/code/id-ocr/Makefile&quot;  VERBOSE=1 clean"/>
				</MakeCommands>
			</Target>
		</Build>
		<Unit filename="/Users/lcy/code/id-ocr/include/correct/fourier.hpp">
			<Option target="ocr"/>
		</Unit>
		<Unit filename="/Users/lcy/code/id-ocr/include/correct/rotating.hpp">
			<Option target="ocr"/>
		</Unit>
		<Unit filename="/Users/lcy/code/id-ocr/include/log.hpp">
			<Option target="ocr"/>
		</Unit>
		<Unit filename="/Users/lcy/code/id-ocr/source/utils/correct/fourier.cc">
			<Option target="ocr"/>
		</Unit>
		<Unit filename="/Users/lcy/code/id-ocr/source/utils/correct/rotating.cc">
			<Option target="ocr"/>
		</Unit>
		<Unit filename="/Users/lcy/code/id-ocr/CMakeLists.txt">
			<Option virtualFolder="CMake Files\"/>
		</Unit>
		<Unit filename="/Users/lcy/code/id-ocr/../../../../usr/local/lib/cmake/opencv4/OpenCVConfig-version.cmake">
			<Option virtualFolder="CMake Files\..\..\..\..\usr\local\lib\cmake\opencv4\"/>
		</Unit>
		<Unit filename="/Users/lcy/code/id-ocr/../../../../usr/local/lib/cmake/opencv4/OpenCVConfig.cmake">
			<Option virtualFolder="CMake Files\..\..\..\..\usr\local\lib\cmake\opencv4\"/>
		</Unit>
		<Unit filename="/Users/lcy/code/id-ocr/../../../../usr/local/lib/cmake/opencv4/OpenCVModules-release.cmake">
			<Option virtualFolder="CMake Files\..\..\..\..\usr\local\lib\cmake\opencv4\"/>
		</Unit>
		<Unit filename="/Users/lcy/code/id-ocr/../../../../usr/local/lib/cmake/opencv4/OpenCVModules.cmake">
			<Option virtualFolder="CMake Files\..\..\..\..\usr\local\lib\cmake\opencv4\"/>
		</Unit>
	</Project>
</CodeBlocks_project_file>
